// !$*UTF8*$!
{
	archiveVersion = 1;
	classes = {
	};
	objectVersion = 50;
	objects = {

/* Begin PBXBuildFile section */
		4E08F31423B511930048E5A5 /* MockLocationService.swift in Sources */ = {isa = PBXBuildFile; fileRef = 4E08F31323B511930048E5A5 /* MockLocationService.swift */; };
		4E2D4B7923B394DD005087F4 /* Assets.xcassets in Resources */ = {isa = PBXBuildFile; fileRef = 4E2D4B7823B394DD005087F4 /* Assets.xcassets */; };
		4E2D4B8723B3968D005087F4 /* RootViewController.swift in Sources */ = {isa = PBXBuildFile; fileRef = 4E2D4B8623B3968D005087F4 /* RootViewController.swift */; };
		4E2D4B8D23B3980B005087F4 /* Main.storyboard in Resources */ = {isa = PBXBuildFile; fileRef = 4E2D4B8B23B3980B005087F4 /* Main.storyboard */; };
		4E2D4B8E23B3980B005087F4 /* LaunchScreen.storyboard in Resources */ = {isa = PBXBuildFile; fileRef = 4E2D4B8C23B3980B005087F4 /* LaunchScreen.storyboard */; };
		4E2D4B9523B398EC005087F4 /* SceneDelegate.swift in Sources */ = {isa = PBXBuildFile; fileRef = 4E2D4B9323B398EC005087F4 /* SceneDelegate.swift */; };
		4E2D4B9623B398EC005087F4 /* AppDelegate.swift in Sources */ = {isa = PBXBuildFile; fileRef = 4E2D4B9423B398EC005087F4 /* AppDelegate.swift */; };
		4E2D4B9B23B3A290005087F4 /* CurrentListViewController.swift in Sources */ = {isa = PBXBuildFile; fileRef = 4E2D4B9A23B3A290005087F4 /* CurrentListViewController.swift */; };
		4E2D4B9D23B3A2A0005087F4 /* WeekViewController.swift in Sources */ = {isa = PBXBuildFile; fileRef = 4E2D4B9C23B3A2A0005087F4 /* WeekViewController.swift */; };
		4E2D4BA023B3A305005087F4 /* UIViewController.swift in Sources */ = {isa = PBXBuildFile; fileRef = 4E2D4B9F23B3A305005087F4 /* UIViewController.swift */; };
		4E2D4BA223B3A43D005087F4 /* UIStoryboard.swift in Sources */ = {isa = PBXBuildFile; fileRef = 4E2D4BA123B3A43D005087F4 /* UIStoryboard.swift */; };
		4E2D4BA523B3B368005087F4 /* WeatherRequest.swift in Sources */ = {isa = PBXBuildFile; fileRef = 4E2D4BA423B3B368005087F4 /* WeatherRequest.swift */; };
		4E2D4BA823B3B3AE005087F4 /* Configuration.swift in Sources */ = {isa = PBXBuildFile; fileRef = 4E2D4BA723B3B3AE005087F4 /* Configuration.swift */; };
		4E2D4BAA23B3B505005087F4 /* URL.swift in Sources */ = {isa = PBXBuildFile; fileRef = 4E2D4BA923B3B505005087F4 /* URL.swift */; };
		4E2D4BAF23B3CF86005087F4 /* WeatherResponse.swift in Sources */ = {isa = PBXBuildFile; fileRef = 4E2D4BAE23B3CF86005087F4 /* WeatherResponse.swift */; };
		4E2D4BB223B3DCE1005087F4 /* WeatherData.swift in Sources */ = {isa = PBXBuildFile; fileRef = 4E2D4BB123B3DCE1005087F4 /* WeatherData.swift */; };
		4E2D4BB523B3F108005087F4 /* WeekViewModel.swift in Sources */ = {isa = PBXBuildFile; fileRef = 4E2D4BB423B3F108005087F4 /* WeekViewModel.swift */; };
		4E2D4BB723B3F8ED005087F4 /* Styles.swift in Sources */ = {isa = PBXBuildFile; fileRef = 4E2D4BB623B3F8ED005087F4 /* Styles.swift */; };
		4E2D4BB923B3FDD4005087F4 /* WeekDayViewModel.swift in Sources */ = {isa = PBXBuildFile; fileRef = 4E2D4BB823B3FDD4005087F4 /* WeekDayViewModel.swift */; };
		4E2D4BBC23B3FEFE005087F4 /* WeekDayRepresentable.swift in Sources */ = {isa = PBXBuildFile; fileRef = 4E2D4BBB23B3FEFE005087F4 /* WeekDayRepresentable.swift */; };
		4E2D4BBF23B3FF88005087F4 /* WeekDayTableViewCell.swift in Sources */ = {isa = PBXBuildFile; fileRef = 4E2D4BBE23B3FF88005087F4 /* WeekDayTableViewCell.swift */; };
		4E2D4BC123B41929005087F4 /* Array.swift in Sources */ = {isa = PBXBuildFile; fileRef = 4E2D4BC023B41929005087F4 /* Array.swift */; };
		4E2D4BD523B45669005087F4 /* XCTest.swift in Sources */ = {isa = PBXBuildFile; fileRef = 4E2D4BD423B45669005087F4 /* XCTest.swift */; };
		4E2D4BD723B45700005087F4 /* forecast.json in Resources */ = {isa = PBXBuildFile; fileRef = 4E2D4BD623B456FF005087F4 /* forecast.json */; };
		4E2D4BD923B45762005087F4 /* WeekViewModelTests.swift in Sources */ = {isa = PBXBuildFile; fileRef = 4E2D4BD823B45762005087F4 /* WeekViewModelTests.swift */; };
		4E2D4BDB23B460C1005087F4 /* WeekDayViewModelTests.swift in Sources */ = {isa = PBXBuildFile; fileRef = 4E2D4BDA23B460C1005087F4 /* WeekDayViewModelTests.swift */; };
		4E2D4BDD23B467F6005087F4 /* Location.swift in Sources */ = {isa = PBXBuildFile; fileRef = 4E2D4BDC23B467F6005087F4 /* Location.swift */; };
		4E2D4BDF23B4688A005087F4 /* LocationService.swift in Sources */ = {isa = PBXBuildFile; fileRef = 4E2D4BDE23B4688A005087F4 /* LocationService.swift */; };
		4E2D4BE223B46903005087F4 /* LocationManager.swift in Sources */ = {isa = PBXBuildFile; fileRef = 4E2D4BE123B46903005087F4 /* LocationManager.swift */; };
		4E2D4BE523B477A5005087F4 /* CurrentListViewModel.swift in Sources */ = {isa = PBXBuildFile; fileRef = 4E2D4BE423B477A5005087F4 /* CurrentListViewModel.swift */; };
		4E2D4BE823B47949005087F4 /* AddCityViewController.swift in Sources */ = {isa = PBXBuildFile; fileRef = 4E2D4BE723B47949005087F4 /* AddCityViewController.swift */; };
		4E2D4BEB23B47CFC005087F4 /* CurrentWeatherCell.swift in Sources */ = {isa = PBXBuildFile; fileRef = 4E2D4BEA23B47CFC005087F4 /* CurrentWeatherCell.swift */; };
		4E2D4BF023B4A45D005087F4 /* CurrentListViewModelTest.swift in Sources */ = {isa = PBXBuildFile; fileRef = 4E2D4BEF23B4A45D005087F4 /* CurrentListViewModelTest.swift */; };
		4E2D4BF223B4A584005087F4 /* current.json in Resources */ = {isa = PBXBuildFile; fileRef = 4E2D4BF123B4A584005087F4 /* current.json */; };
/* End PBXBuildFile section */

/* Begin PBXContainerItemProxy section */
		4E2D4BCB23B455A9005087F4 /* PBXContainerItemProxy */ = {
			isa = PBXContainerItemProxy;
			containerPortal = 4E2D4B6423B394DA005087F4 /* Project object */;
			proxyType = 1;
			remoteGlobalIDString = 4E2D4B6B23B394DA005087F4;
			remoteInfo = SDWeather;
		};
/* End PBXContainerItemProxy section */

/* Begin PBXFileReference section */
		4E08F31323B511930048E5A5 /* MockLocationService.swift */ = {isa = PBXFileReference; lastKnownFileType = sourcecode.swift; path = MockLocationService.swift; sourceTree = "<group>"; };
		4E2D4B6C23B394DA005087F4 /* SDWeather.app */ = {isa = PBXFileReference; explicitFileType = wrapper.application; includeInIndex = 0; path = SDWeather.app; sourceTree = BUILT_PRODUCTS_DIR; };
		4E2D4B7823B394DD005087F4 /* Assets.xcassets */ = {isa = PBXFileReference; lastKnownFileType = folder.assetcatalog; path = Assets.xcassets; sourceTree = "<group>"; };
		4E2D4B7D23B394DD005087F4 /* Info.plist */ = {isa = PBXFileReference; lastKnownFileType = text.plist.xml; path = Info.plist; sourceTree = "<group>"; };
		4E2D4B8623B3968D005087F4 /* RootViewController.swift */ = {isa = PBXFileReference; lastKnownFileType = sourcecode.swift; path = RootViewController.swift; sourceTree = "<group>"; };
		4E2D4B8B23B3980B005087F4 /* Main.storyboard */ = {isa = PBXFileReference; fileEncoding = 4; lastKnownFileType = file.storyboard; path = Main.storyboard; sourceTree = "<group>"; };
		4E2D4B8C23B3980B005087F4 /* LaunchScreen.storyboard */ = {isa = PBXFileReference; fileEncoding = 4; lastKnownFileType = file.storyboard; path = LaunchScreen.storyboard; sourceTree = "<group>"; };
		4E2D4B9323B398EC005087F4 /* SceneDelegate.swift */ = {isa = PBXFileReference; fileEncoding = 4; lastKnownFileType = sourcecode.swift; path = SceneDelegate.swift; sourceTree = "<group>"; };
		4E2D4B9423B398EC005087F4 /* AppDelegate.swift */ = {isa = PBXFileReference; fileEncoding = 4; lastKnownFileType = sourcecode.swift; path = AppDelegate.swift; sourceTree = "<group>"; };
		4E2D4B9A23B3A290005087F4 /* CurrentListViewController.swift */ = {isa = PBXFileReference; lastKnownFileType = sourcecode.swift; path = CurrentListViewController.swift; sourceTree = "<group>"; };
		4E2D4B9C23B3A2A0005087F4 /* WeekViewController.swift */ = {isa = PBXFileReference; lastKnownFileType = sourcecode.swift; path = WeekViewController.swift; sourceTree = "<group>"; };
		4E2D4B9F23B3A305005087F4 /* UIViewController.swift */ = {isa = PBXFileReference; lastKnownFileType = sourcecode.swift; path = UIViewController.swift; sourceTree = "<group>"; };
		4E2D4BA123B3A43D005087F4 /* UIStoryboard.swift */ = {isa = PBXFileReference; lastKnownFileType = sourcecode.swift; path = UIStoryboard.swift; sourceTree = "<group>"; };
		4E2D4BA423B3B368005087F4 /* WeatherRequest.swift */ = {isa = PBXFileReference; lastKnownFileType = sourcecode.swift; path = WeatherRequest.swift; sourceTree = "<group>"; };
		4E2D4BA723B3B3AE005087F4 /* Configuration.swift */ = {isa = PBXFileReference; lastKnownFileType = sourcecode.swift; path = Configuration.swift; sourceTree = "<group>"; };
		4E2D4BA923B3B505005087F4 /* URL.swift */ = {isa = PBXFileReference; lastKnownFileType = sourcecode.swift; path = URL.swift; sourceTree = "<group>"; };
		4E2D4BAE23B3CF86005087F4 /* WeatherResponse.swift */ = {isa = PBXFileReference; lastKnownFileType = sourcecode.swift; path = WeatherResponse.swift; sourceTree = "<group>"; };
		4E2D4BB123B3DCE1005087F4 /* WeatherData.swift */ = {isa = PBXFileReference; lastKnownFileType = sourcecode.swift; path = WeatherData.swift; sourceTree = "<group>"; };
		4E2D4BB423B3F108005087F4 /* WeekViewModel.swift */ = {isa = PBXFileReference; lastKnownFileType = sourcecode.swift; path = WeekViewModel.swift; sourceTree = "<group>"; };
		4E2D4BB623B3F8ED005087F4 /* Styles.swift */ = {isa = PBXFileReference; lastKnownFileType = sourcecode.swift; path = Styles.swift; sourceTree = "<group>"; };
		4E2D4BB823B3FDD4005087F4 /* WeekDayViewModel.swift */ = {isa = PBXFileReference; lastKnownFileType = sourcecode.swift; path = WeekDayViewModel.swift; sourceTree = "<group>"; };
		4E2D4BBB23B3FEFE005087F4 /* WeekDayRepresentable.swift */ = {isa = PBXFileReference; lastKnownFileType = sourcecode.swift; path = WeekDayRepresentable.swift; sourceTree = "<group>"; };
		4E2D4BBE23B3FF88005087F4 /* WeekDayTableViewCell.swift */ = {isa = PBXFileReference; lastKnownFileType = sourcecode.swift; path = WeekDayTableViewCell.swift; sourceTree = "<group>"; };
		4E2D4BC023B41929005087F4 /* Array.swift */ = {isa = PBXFileReference; lastKnownFileType = sourcecode.swift; path = Array.swift; sourceTree = "<group>"; };
		4E2D4BC623B455A9005087F4 /* SDWeatherTests.xctest */ = {isa = PBXFileReference; explicitFileType = wrapper.cfbundle; includeInIndex = 0; path = SDWeatherTests.xctest; sourceTree = BUILT_PRODUCTS_DIR; };
		4E2D4BCA23B455A9005087F4 /* Info.plist */ = {isa = PBXFileReference; lastKnownFileType = text.plist.xml; path = Info.plist; sourceTree = "<group>"; };
		4E2D4BD423B45669005087F4 /* XCTest.swift */ = {isa = PBXFileReference; lastKnownFileType = sourcecode.swift; path = XCTest.swift; sourceTree = "<group>"; };
		4E2D4BD623B456FF005087F4 /* forecast.json */ = {isa = PBXFileReference; lastKnownFileType = text.json; path = forecast.json; sourceTree = "<group>"; };
		4E2D4BD823B45762005087F4 /* WeekViewModelTests.swift */ = {isa = PBXFileReference; lastKnownFileType = sourcecode.swift; path = WeekViewModelTests.swift; sourceTree = "<group>"; };
		4E2D4BDA23B460C1005087F4 /* WeekDayViewModelTests.swift */ = {isa = PBXFileReference; lastKnownFileType = sourcecode.swift; path = WeekDayViewModelTests.swift; sourceTree = "<group>"; };
		4E2D4BDC23B467F6005087F4 /* Location.swift */ = {isa = PBXFileReference; lastKnownFileType = sourcecode.swift; path = Location.swift; sourceTree = "<group>"; };
		4E2D4BDE23B4688A005087F4 /* LocationService.swift */ = {isa = PBXFileReference; lastKnownFileType = sourcecode.swift; path = LocationService.swift; sourceTree = "<group>"; };
		4E2D4BE123B46903005087F4 /* LocationManager.swift */ = {isa = PBXFileReference; lastKnownFileType = sourcecode.swift; path = LocationManager.swift; sourceTree = "<group>"; };
		4E2D4BE423B477A5005087F4 /* CurrentListViewModel.swift */ = {isa = PBXFileReference; lastKnownFileType = sourcecode.swift; path = CurrentListViewModel.swift; sourceTree = "<group>"; };
		4E2D4BE723B47949005087F4 /* AddCityViewController.swift */ = {isa = PBXFileReference; lastKnownFileType = sourcecode.swift; path = AddCityViewController.swift; sourceTree = "<group>"; };
		4E2D4BEA23B47CFC005087F4 /* CurrentWeatherCell.swift */ = {isa = PBXFileReference; lastKnownFileType = sourcecode.swift; path = CurrentWeatherCell.swift; sourceTree = "<group>"; };
		4E2D4BEF23B4A45D005087F4 /* CurrentListViewModelTest.swift */ = {isa = PBXFileReference; lastKnownFileType = sourcecode.swift; path = CurrentListViewModelTest.swift; sourceTree = "<group>"; };
		4E2D4BF123B4A584005087F4 /* current.json */ = {isa = PBXFileReference; lastKnownFileType = text.json; path = current.json; sourceTree = "<group>"; };
/* End PBXFileReference section */

/* Begin PBXFrameworksBuildPhase section */
		4E2D4B6923B394DA005087F4 /* Frameworks */ = {
			isa = PBXFrameworksBuildPhase;
			buildActionMask = 2147483647;
			files = (
			);
			runOnlyForDeploymentPostprocessing = 0;
		};
		4E2D4BC323B455A9005087F4 /* Frameworks */ = {
			isa = PBXFrameworksBuildPhase;
			buildActionMask = 2147483647;
			files = (
			);
			runOnlyForDeploymentPostprocessing = 0;
		};
/* End PBXFrameworksBuildPhase section */

/* Begin PBXGroup section */
		4E08F31223B511710048E5A5 /* Mocks */ = {
			isa = PBXGroup;
			children = (
				4E08F31323B511930048E5A5 /* MockLocationService.swift */,
			);
			path = Mocks;
			sourceTree = "<group>";
		};
		4E2D4B6323B394DA005087F4 = {
			isa = PBXGroup;
			children = (
				4E2D4B6E23B394DA005087F4 /* SDWeather */,
				4E2D4BC723B455A9005087F4 /* SDWeatherTests */,
				4E2D4B6D23B394DA005087F4 /* Products */,
			);
			sourceTree = "<group>";
		};
		4E2D4B6D23B394DA005087F4 /* Products */ = {
			isa = PBXGroup;
			children = (
				4E2D4B6C23B394DA005087F4 /* SDWeather.app */,
				4E2D4BC623B455A9005087F4 /* SDWeatherTests.xctest */,
			);
			name = Products;
			sourceTree = "<group>";
		};
		4E2D4B6E23B394DA005087F4 /* SDWeather */ = {
			isa = PBXGroup;
			children = (
				4E2D4BE023B468F6005087F4 /* Managers */,
				4E2D4BB023B3DCC5005087F4 /* Protocols */,
				4E2D4BA623B3B38E005087F4 /* Configuration */,
				4E2D4BA323B3B34A005087F4 /* Models */,
				4E2D4B8323B39523005087F4 /* ApplicationDelegate */,
				4E2D4B8423B395FD005087F4 /* ViewControllers */,
				4E2D4B8823B3971A005087F4 /* Storyboards */,
				4E2D4B8923B3972F005087F4 /* Resources */,
				4E2D4B8A23B39745005087F4 /* SupportingFiles */,
				4E2D4B9E23B3A2C4005087F4 /* Extensions */,
			);
			path = SDWeather;
			sourceTree = "<group>";
		};
		4E2D4B8323B39523005087F4 /* ApplicationDelegate */ = {
			isa = PBXGroup;
			children = (
				4E2D4B9423B398EC005087F4 /* AppDelegate.swift */,
				4E2D4B9323B398EC005087F4 /* SceneDelegate.swift */,
			);
			path = ApplicationDelegate;
			sourceTree = "<group>";
		};
		4E2D4B8423B395FD005087F4 /* ViewControllers */ = {
			isa = PBXGroup;
			children = (
				4E2D4B8523B39613005087F4 /* RootViewController */,
				4E2D4B9723B3A07B005087F4 /* WeatherViewControllers */,
			);
			path = ViewControllers;
			sourceTree = "<group>";
		};
		4E2D4B8523B39613005087F4 /* RootViewController */ = {
			isa = PBXGroup;
			children = (
				4E2D4B8623B3968D005087F4 /* RootViewController.swift */,
			);
			path = RootViewController;
			sourceTree = "<group>";
		};
		4E2D4B8823B3971A005087F4 /* Storyboards */ = {
			isa = PBXGroup;
			children = (
				4E2D4B8C23B3980B005087F4 /* LaunchScreen.storyboard */,
				4E2D4B8B23B3980B005087F4 /* Main.storyboard */,
			);
			path = Storyboards;
			sourceTree = "<group>";
		};
		4E2D4B8923B3972F005087F4 /* Resources */ = {
			isa = PBXGroup;
			children = (
				4E2D4B7823B394DD005087F4 /* Assets.xcassets */,
			);
			path = Resources;
			sourceTree = "<group>";
		};
		4E2D4B8A23B39745005087F4 /* SupportingFiles */ = {
			isa = PBXGroup;
			children = (
				4E2D4B7D23B394DD005087F4 /* Info.plist */,
			);
			path = SupportingFiles;
			sourceTree = "<group>";
		};
		4E2D4B9723B3A07B005087F4 /* WeatherViewControllers */ = {
			isa = PBXGroup;
			children = (
				4E2D4BE623B47909005087F4 /* AddCityViewController */,
				4E2D4B9823B3A0AB005087F4 /* CurrentViewController */,
				4E2D4B9923B3A0BD005087F4 /* WeekViewController */,
			);
			path = WeatherViewControllers;
			sourceTree = "<group>";
		};
		4E2D4B9823B3A0AB005087F4 /* CurrentViewController */ = {
			isa = PBXGroup;
			children = (
				4E2D4BE323B4778B005087F4 /* ViewModels */,
				4E2D4BE923B47CC9005087F4 /* UITableViewCells */,
				4E2D4B9A23B3A290005087F4 /* CurrentListViewController.swift */,
			);
			path = CurrentViewController;
			sourceTree = "<group>";
		};
		4E2D4B9923B3A0BD005087F4 /* WeekViewController */ = {
			isa = PBXGroup;
			children = (
				4E2D4B9C23B3A2A0005087F4 /* WeekViewController.swift */,
				4E2D4BBD23B3FF52005087F4 /* TableViewCells */,
				4E2D4BBA23B3FEDC005087F4 /* Protocols */,
				4E2D4BB323B3F0E9005087F4 /* ViewModel */,
			);
			path = WeekViewController;
			sourceTree = "<group>";
		};
		4E2D4B9E23B3A2C4005087F4 /* Extensions */ = {
			isa = PBXGroup;
			children = (
				4E2D4B9F23B3A305005087F4 /* UIViewController.swift */,
				4E2D4BA123B3A43D005087F4 /* UIStoryboard.swift */,
				4E2D4BA923B3B505005087F4 /* URL.swift */,
				4E2D4BC023B41929005087F4 /* Array.swift */,
			);
			path = Extensions;
			sourceTree = "<group>";
		};
		4E2D4BA323B3B34A005087F4 /* Models */ = {
			isa = PBXGroup;
			children = (
				4E2D4BA423B3B368005087F4 /* WeatherRequest.swift */,
				4E2D4BAE23B3CF86005087F4 /* WeatherResponse.swift */,
				4E2D4BDC23B467F6005087F4 /* Location.swift */,
			);
			path = Models;
			sourceTree = "<group>";
		};
		4E2D4BA623B3B38E005087F4 /* Configuration */ = {
			isa = PBXGroup;
			children = (
				4E2D4BA723B3B3AE005087F4 /* Configuration.swift */,
				4E2D4BB623B3F8ED005087F4 /* Styles.swift */,
			);
			path = Configuration;
			sourceTree = "<group>";
		};
		4E2D4BB023B3DCC5005087F4 /* Protocols */ = {
			isa = PBXGroup;
			children = (
				4E2D4BB123B3DCE1005087F4 /* WeatherData.swift */,
				4E2D4BDE23B4688A005087F4 /* LocationService.swift */,
			);
			path = Protocols;
			sourceTree = "<group>";
		};
		4E2D4BB323B3F0E9005087F4 /* ViewModel */ = {
			isa = PBXGroup;
			children = (
				4E2D4BB423B3F108005087F4 /* WeekViewModel.swift */,
				4E2D4BB823B3FDD4005087F4 /* WeekDayViewModel.swift */,
			);
			path = ViewModel;
			sourceTree = "<group>";
		};
		4E2D4BBA23B3FEDC005087F4 /* Protocols */ = {
			isa = PBXGroup;
			children = (
				4E2D4BBB23B3FEFE005087F4 /* WeekDayRepresentable.swift */,
			);
			path = Protocols;
			sourceTree = "<group>";
		};
		4E2D4BBD23B3FF52005087F4 /* TableViewCells */ = {
			isa = PBXGroup;
			children = (
				4E2D4BBE23B3FF88005087F4 /* WeekDayTableViewCell.swift */,
			);
			path = TableViewCells;
			sourceTree = "<group>";
		};
		4E2D4BC723B455A9005087F4 /* SDWeatherTests */ = {
			isa = PBXGroup;
			children = (
				4E08F31223B511710048E5A5 /* Mocks */,
				4E2D4BD323B45647005087F4 /* Extensions */,
				4E2D4BD223B45620005087F4 /* Stubs */,
				4E2D4BD123B45616005087F4 /* TestCases */,
				4E2D4BD023B455C0005087F4 /* SupportingFiles */,
			);
			path = SDWeatherTests;
			sourceTree = "<group>";
		};
		4E2D4BD023B455C0005087F4 /* SupportingFiles */ = {
			isa = PBXGroup;
			children = (
				4E2D4BCA23B455A9005087F4 /* Info.plist */,
			);
			path = SupportingFiles;
			sourceTree = "<group>";
		};
		4E2D4BD123B45616005087F4 /* TestCases */ = {
			isa = PBXGroup;
			children = (
				4E2D4BD823B45762005087F4 /* WeekViewModelTests.swift */,
				4E2D4BDA23B460C1005087F4 /* WeekDayViewModelTests.swift */,
				4E2D4BEF23B4A45D005087F4 /* CurrentListViewModelTest.swift */,
			);
			path = TestCases;
			sourceTree = "<group>";
		};
		4E2D4BD223B45620005087F4 /* Stubs */ = {
			isa = PBXGroup;
			children = (
				4E2D4BD623B456FF005087F4 /* forecast.json */,
				4E2D4BF123B4A584005087F4 /* current.json */,
			);
			path = Stubs;
			sourceTree = "<group>";
		};
		4E2D4BD323B45647005087F4 /* Extensions */ = {
			isa = PBXGroup;
			children = (
				4E2D4BD423B45669005087F4 /* XCTest.swift */,
			);
			path = Extensions;
			sourceTree = "<group>";
		};
		4E2D4BE023B468F6005087F4 /* Managers */ = {
			isa = PBXGroup;
			children = (
				4E2D4BE123B46903005087F4 /* LocationManager.swift */,
			);
			path = Managers;
			sourceTree = "<group>";
		};
		4E2D4BE323B4778B005087F4 /* ViewModels */ = {
			isa = PBXGroup;
			children = (
				4E2D4BE423B477A5005087F4 /* CurrentListViewModel.swift */,
			);
			path = ViewModels;
			sourceTree = "<group>";
		};
		4E2D4BE623B47909005087F4 /* AddCityViewController */ = {
			isa = PBXGroup;
			children = (
				4E2D4BE723B47949005087F4 /* AddCityViewController.swift */,
			);
			path = AddCityViewController;
			sourceTree = "<group>";
		};
		4E2D4BE923B47CC9005087F4 /* UITableViewCells */ = {
			isa = PBXGroup;
			children = (
				4E2D4BEA23B47CFC005087F4 /* CurrentWeatherCell.swift */,
			);
			path = UITableViewCells;
			sourceTree = "<group>";
		};
/* End PBXGroup section */

/* Begin PBXNativeTarget section */
		4E2D4B6B23B394DA005087F4 /* SDWeather */ = {
			isa = PBXNativeTarget;
			buildConfigurationList = 4E2D4B8023B394DD005087F4 /* Build configuration list for PBXNativeTarget "SDWeather" */;
			buildPhases = (
				4E2D4B6823B394DA005087F4 /* Sources */,
				4E2D4B6923B394DA005087F4 /* Frameworks */,
				4E2D4B6A23B394DA005087F4 /* Resources */,
			);
			buildRules = (
			);
			dependencies = (
			);
			name = SDWeather;
			productName = SDWeather;
			productReference = 4E2D4B6C23B394DA005087F4 /* SDWeather.app */;
			productType = "com.apple.product-type.application";
		};
		4E2D4BC523B455A9005087F4 /* SDWeatherTests */ = {
			isa = PBXNativeTarget;
			buildConfigurationList = 4E2D4BCD23B455A9005087F4 /* Build configuration list for PBXNativeTarget "SDWeatherTests" */;
			buildPhases = (
				4E2D4BC223B455A9005087F4 /* Sources */,
				4E2D4BC323B455A9005087F4 /* Frameworks */,
				4E2D4BC423B455A9005087F4 /* Resources */,
			);
			buildRules = (
			);
			dependencies = (
				4E2D4BCC23B455A9005087F4 /* PBXTargetDependency */,
			);
			name = SDWeatherTests;
			productName = SDWeatherTests;
			productReference = 4E2D4BC623B455A9005087F4 /* SDWeatherTests.xctest */;
			productType = "com.apple.product-type.bundle.unit-test";
		};
/* End PBXNativeTarget section */

/* Begin PBXProject section */
		4E2D4B6423B394DA005087F4 /* Project object */ = {
			isa = PBXProject;
			attributes = {
				LastSwiftUpdateCheck = 1130;
				LastUpgradeCheck = 1130;
				ORGANIZATIONNAME = "Vikas Kumar";
				TargetAttributes = {
					4E2D4B6B23B394DA005087F4 = {
						CreatedOnToolsVersion = 11.3;
					};
					4E2D4BC523B455A9005087F4 = {
						CreatedOnToolsVersion = 11.3;
						LastSwiftMigration = 1130;
						TestTargetID = 4E2D4B6B23B394DA005087F4;
					};
				};
			};
			buildConfigurationList = 4E2D4B6723B394DA005087F4 /* Build configuration list for PBXProject "SDWeather" */;
			compatibilityVersion = "Xcode 9.3";
			developmentRegion = en;
			hasScannedForEncodings = 0;
			knownRegions = (
				en,
				Base,
			);
			mainGroup = 4E2D4B6323B394DA005087F4;
			productRefGroup = 4E2D4B6D23B394DA005087F4 /* Products */;
			projectDirPath = "";
			projectRoot = "";
			targets = (
				4E2D4B6B23B394DA005087F4 /* SDWeather */,
				4E2D4BC523B455A9005087F4 /* SDWeatherTests */,
			);
		};
/* End PBXProject section */

/* Begin PBXResourcesBuildPhase section */
		4E2D4B6A23B394DA005087F4 /* Resources */ = {
			isa = PBXResourcesBuildPhase;
			buildActionMask = 2147483647;
			files = (
				4E2D4B7923B394DD005087F4 /* Assets.xcassets in Resources */,
				4E2D4B8E23B3980B005087F4 /* LaunchScreen.storyboard in Resources */,
				4E2D4B8D23B3980B005087F4 /* Main.storyboard in Resources */,
			);
			runOnlyForDeploymentPostprocessing = 0;
		};
		4E2D4BC423B455A9005087F4 /* Resources */ = {
			isa = PBXResourcesBuildPhase;
			buildActionMask = 2147483647;
			files = (
				4E2D4BD723B45700005087F4 /* forecast.json in Resources */,
				4E2D4BF223B4A584005087F4 /* current.json in Resources */,
			);
			runOnlyForDeploymentPostprocessing = 0;
		};
/* End PBXResourcesBuildPhase section */

/* Begin PBXSourcesBuildPhase section */
		4E2D4B6823B394DA005087F4 /* Sources */ = {
			isa = PBXSourcesBuildPhase;
			buildActionMask = 2147483647;
			files = (
				4E2D4BA523B3B368005087F4 /* WeatherRequest.swift in Sources */,
				4E2D4B9D23B3A2A0005087F4 /* WeekViewController.swift in Sources */,
				4E2D4BDF23B4688A005087F4 /* LocationService.swift in Sources */,
				4E2D4B9B23B3A290005087F4 /* CurrentListViewController.swift in Sources */,
				4E2D4BE523B477A5005087F4 /* CurrentListViewModel.swift in Sources */,
				4E2D4BA823B3B3AE005087F4 /* Configuration.swift in Sources */,
				4E2D4BA023B3A305005087F4 /* UIViewController.swift in Sources */,
				4E2D4BAA23B3B505005087F4 /* URL.swift in Sources */,
				4E2D4BB723B3F8ED005087F4 /* Styles.swift in Sources */,
				4E2D4BB923B3FDD4005087F4 /* WeekDayViewModel.swift in Sources */,
				4E2D4BE823B47949005087F4 /* AddCityViewController.swift in Sources */,
				4E2D4B9623B398EC005087F4 /* AppDelegate.swift in Sources */,
				4E2D4BC123B41929005087F4 /* Array.swift in Sources */,
				4E2D4BAF23B3CF86005087F4 /* WeatherResponse.swift in Sources */,
				4E2D4BEB23B47CFC005087F4 /* CurrentWeatherCell.swift in Sources */,
				4E2D4B8723B3968D005087F4 /* RootViewController.swift in Sources */,
				4E2D4BBF23B3FF88005087F4 /* WeekDayTableViewCell.swift in Sources */,
				4E2D4B9523B398EC005087F4 /* SceneDelegate.swift in Sources */,
				4E2D4BDD23B467F6005087F4 /* Location.swift in Sources */,
				4E2D4BA223B3A43D005087F4 /* UIStoryboard.swift in Sources */,
				4E2D4BE223B46903005087F4 /* LocationManager.swift in Sources */,
				4E2D4BB523B3F108005087F4 /* WeekViewModel.swift in Sources */,
				4E2D4BBC23B3FEFE005087F4 /* WeekDayRepresentable.swift in Sources */,
				4E2D4BB223B3DCE1005087F4 /* WeatherData.swift in Sources */,
			);
			runOnlyForDeploymentPostprocessing = 0;
		};
		4E2D4BC223B455A9005087F4 /* Sources */ = {
			isa = PBXSourcesBuildPhase;
			buildActionMask = 2147483647;
			files = (
				4E2D4BF023B4A45D005087F4 /* CurrentListViewModelTest.swift in Sources */,
				4E08F31423B511930048E5A5 /* MockLocationService.swift in Sources */,
				4E2D4BDB23B460C1005087F4 /* WeekDayViewModelTests.swift in Sources */,
				4E2D4BD923B45762005087F4 /* WeekViewModelTests.swift in Sources */,
				4E2D4BD523B45669005087F4 /* XCTest.swift in Sources */,
			);
			runOnlyForDeploymentPostprocessing = 0;
		};
/* End PBXSourcesBuildPhase section */

/* Begin PBXTargetDependency section */
		4E2D4BCC23B455A9005087F4 /* PBXTargetDependency */ = {
			isa = PBXTargetDependency;
			target = 4E2D4B6B23B394DA005087F4 /* SDWeather */;
			targetProxy = 4E2D4BCB23B455A9005087F4 /* PBXContainerItemProxy */;
		};
/* End PBXTargetDependency section */

/* Begin XCBuildConfiguration section */
		4E2D4B7E23B394DD005087F4 /* Debug */ = {
			isa = XCBuildConfiguration;
			buildSettings = {
				ALWAYS_SEARCH_USER_PATHS = NO;
				CLANG_ANALYZER_NONNULL = YES;
				CLANG_ANALYZER_NUMBER_OBJECT_CONVERSION = YES_AGGRESSIVE;
				CLANG_CXX_LANGUAGE_STANDARD = "gnu++14";
				CLANG_CXX_LIBRARY = "libc++";
				CLANG_ENABLE_MODULES = YES;
				CLANG_ENABLE_OBJC_ARC = YES;
				CLANG_ENABLE_OBJC_WEAK = YES;
				CLANG_WARN_BLOCK_CAPTURE_AUTORELEASING = YES;
				CLANG_WARN_BOOL_CONVERSION = YES;
				CLANG_WARN_COMMA = YES;
				CLANG_WARN_CONSTANT_CONVERSION = YES;
				CLANG_WARN_DEPRECATED_OBJC_IMPLEMENTATIONS = YES;
				CLANG_WARN_DIRECT_OBJC_ISA_USAGE = YES_ERROR;
				CLANG_WARN_DOCUMENTATION_COMMENTS = YES;
				CLANG_WARN_EMPTY_BODY = YES;
				CLANG_WARN_ENUM_CONVERSION = YES;
				CLANG_WARN_INFINITE_RECURSION = YES;
				CLANG_WARN_INT_CONVERSION = YES;
				CLANG_WARN_NON_LITERAL_NULL_CONVERSION = YES;
				CLANG_WARN_OBJC_IMPLICIT_RETAIN_SELF = YES;
				CLANG_WARN_OBJC_LITERAL_CONVERSION = YES;
				CLANG_WARN_OBJC_ROOT_CLASS = YES_ERROR;
				CLANG_WARN_RANGE_LOOP_ANALYSIS = YES;
				CLANG_WARN_STRICT_PROTOTYPES = YES;
				CLANG_WARN_SUSPICIOUS_MOVE = YES;
				CLANG_WARN_UNGUARDED_AVAILABILITY = YES_AGGRESSIVE;
				CLANG_WARN_UNREACHABLE_CODE = YES;
				CLANG_WARN__DUPLICATE_METHOD_MATCH = YES;
				COPY_PHASE_STRIP = NO;
				DEBUG_INFORMATION_FORMAT = dwarf;
				ENABLE_STRICT_OBJC_MSGSEND = YES;
				ENABLE_TESTABILITY = YES;
				GCC_C_LANGUAGE_STANDARD = gnu11;
				GCC_DYNAMIC_NO_PIC = NO;
				GCC_NO_COMMON_BLOCKS = YES;
				GCC_OPTIMIZATION_LEVEL = 0;
				GCC_PREPROCESSOR_DEFINITIONS = (
					"DEBUG=1",
					"$(inherited)",
				);
				GCC_WARN_64_TO_32_BIT_CONVERSION = YES;
				GCC_WARN_ABOUT_RETURN_TYPE = YES_ERROR;
				GCC_WARN_UNDECLARED_SELECTOR = YES;
				GCC_WARN_UNINITIALIZED_AUTOS = YES_AGGRESSIVE;
				GCC_WARN_UNUSED_FUNCTION = YES;
				GCC_WARN_UNUSED_VARIABLE = YES;
				IPHONEOS_DEPLOYMENT_TARGET = 13.2;
				MTL_ENABLE_DEBUG_INFO = INCLUDE_SOURCE;
				MTL_FAST_MATH = YES;
				ONLY_ACTIVE_ARCH = YES;
				SDKROOT = iphoneos;
				SWIFT_ACTIVE_COMPILATION_CONDITIONS = DEBUG;
				SWIFT_OPTIMIZATION_LEVEL = "-Onone";
			};
			name = Debug;
		};
		4E2D4B7F23B394DD005087F4 /* Release */ = {
			isa = XCBuildConfiguration;
			buildSettings = {
				ALWAYS_SEARCH_USER_PATHS = NO;
				CLANG_ANALYZER_NONNULL = YES;
				CLANG_ANALYZER_NUMBER_OBJECT_CONVERSION = YES_AGGRESSIVE;
				CLANG_CXX_LANGUAGE_STANDARD = "gnu++14";
				CLANG_CXX_LIBRARY = "libc++";
				CLANG_ENABLE_MODULES = YES;
				CLANG_ENABLE_OBJC_ARC = YES;
				CLANG_ENABLE_OBJC_WEAK = YES;
				CLANG_WARN_BLOCK_CAPTURE_AUTORELEASING = YES;
				CLANG_WARN_BOOL_CONVERSION = YES;
				CLANG_WARN_COMMA = YES;
				CLANG_WARN_CONSTANT_CONVERSION = YES;
				CLANG_WARN_DEPRECATED_OBJC_IMPLEMENTATIONS = YES;
				CLANG_WARN_DIRECT_OBJC_ISA_USAGE = YES_ERROR;
				CLANG_WARN_DOCUMENTATION_COMMENTS = YES;
				CLANG_WARN_EMPTY_BODY = YES;
				CLANG_WARN_ENUM_CONVERSION = YES;
				CLANG_WARN_INFINITE_RECURSION = YES;
				CLANG_WARN_INT_CONVERSION = YES;
				CLANG_WARN_NON_LITERAL_NULL_CONVERSION = YES;
				CLANG_WARN_OBJC_IMPLICIT_RETAIN_SELF = YES;
				CLANG_WARN_OBJC_LITERAL_CONVERSION = YES;
				CLANG_WARN_OBJC_ROOT_CLASS = YES_ERROR;
				CLANG_WARN_RANGE_LOOP_ANALYSIS = YES;
				CLANG_WARN_STRICT_PROTOTYPES = YES;
				CLANG_WARN_SUSPICIOUS_MOVE = YES;
				CLANG_WARN_UNGUARDED_AVAILABILITY = YES_AGGRESSIVE;
				CLANG_WARN_UNREACHABLE_CODE = YES;
				CLANG_WARN__DUPLICATE_METHOD_MATCH = YES;
				COPY_PHASE_STRIP = NO;
				DEBUG_INFORMATION_FORMAT = "dwarf-with-dsym";
				ENABLE_NS_ASSERTIONS = NO;
				ENABLE_STRICT_OBJC_MSGSEND = YES;
				GCC_C_LANGUAGE_STANDARD = gnu11;
				GCC_NO_COMMON_BLOCKS = YES;
				GCC_WARN_64_TO_32_BIT_CONVERSION = YES;
				GCC_WARN_ABOUT_RETURN_TYPE = YES_ERROR;
				GCC_WARN_UNDECLARED_SELECTOR = YES;
				GCC_WARN_UNINITIALIZED_AUTOS = YES_AGGRESSIVE;
				GCC_WARN_UNUSED_FUNCTION = YES;
				GCC_WARN_UNUSED_VARIABLE = YES;
				IPHONEOS_DEPLOYMENT_TARGET = 13.2;
				MTL_ENABLE_DEBUG_INFO = NO;
				MTL_FAST_MATH = YES;
				SDKROOT = iphoneos;
				SWIFT_COMPILATION_MODE = wholemodule;
				SWIFT_OPTIMIZATION_LEVEL = "-O";
				VALIDATE_PRODUCT = YES;
			};
			name = Release;
		};
		4E2D4B8123B394DD005087F4 /* Debug */ = {
			isa = XCBuildConfiguration;
			buildSettings = {
				ASSETCATALOG_COMPILER_APPICON_NAME = AppIcon;
				CODE_SIGN_STYLE = Automatic;
				INFOPLIST_FILE = SDWeather/SupportingFiles/Info.plist;
				IPHONEOS_DEPLOYMENT_TARGET = 11.0;
				LD_RUNPATH_SEARCH_PATHS = (
					"$(inherited)",
					"@executable_path/Frameworks",
				);
				PRODUCT_BUNDLE_IDENTIFIER = com.SDWeather;
				PRODUCT_NAME = "$(TARGET_NAME)";
				SWIFT_VERSION = 5.0;
				TARGETED_DEVICE_FAMILY = 1;
			};
			name = Debug;
		};
		4E2D4B8223B394DD005087F4 /* Release */ = {
			isa = XCBuildConfiguration;
			buildSettings = {
				ASSETCATALOG_COMPILER_APPICON_NAME = AppIcon;
				CODE_SIGN_STYLE = Automatic;
				INFOPLIST_FILE = SDWeather/SupportingFiles/Info.plist;
				IPHONEOS_DEPLOYMENT_TARGET = 11.0;
				LD_RUNPATH_SEARCH_PATHS = (
					"$(inherited)",
					"@executable_path/Frameworks",
				);
				PRODUCT_BUNDLE_IDENTIFIER = com.SDWeather;
				PRODUCT_NAME = "$(TARGET_NAME)";
				SWIFT_VERSION = 5.0;
				TARGETED_DEVICE_FAMILY = 1;
			};
			name = Release;
		};
		4E2D4BCE23B455A9005087F4 /* Debug */ = {
			isa = XCBuildConfiguration;
			buildSettings = {
				BUNDLE_LOADER = "$(TEST_HOST)";
				CLANG_ENABLE_MODULES = YES;
				CODE_SIGN_STYLE = Automatic;
				INFOPLIST_FILE = SDWeatherTests/SupportingFiles/Info.plist;
				LD_RUNPATH_SEARCH_PATHS = (
					"$(inherited)",
					"@executable_path/Frameworks",
					"@loader_path/Frameworks",
				);
				PRODUCT_BUNDLE_IDENTIFIER = com.SDWeatherTests;
				PRODUCT_NAME = "$(TARGET_NAME)";
				SWIFT_OPTIMIZATION_LEVEL = "-Onone";
				SWIFT_VERSION = 5.0;
				TARGETED_DEVICE_FAMILY = "1,2";
				TEST_HOST = "$(BUILT_PRODUCTS_DIR)/SDWeather.app/SDWeather";
			};
			name = Debug;
		};
		4E2D4BCF23B455A9005087F4 /* Release */ = {
			isa = XCBuildConfiguration;
			buildSettings = {
				BUNDLE_LOADER = "$(TEST_HOST)";
				CLANG_ENABLE_MODULES = YES;
				CODE_SIGN_STYLE = Automatic;
				INFOPLIST_FILE = SDWeatherTests/SupportingFiles/Info.plist;
				LD_RUNPATH_SEARCH_PATHS = (
					"$(inherited)",
					"@executable_path/Frameworks",
					"@loader_path/Frameworks",
				);
				PRODUCT_BUNDLE_IDENTIFIER = com.SDWeatherTests;
				PRODUCT_NAME = "$(TARGET_NAME)";
				SWIFT_VERSION = 5.0;
				TARGETED_DEVICE_FAMILY = "1,2";
				TEST_HOST = "$(BUILT_PRODUCTS_DIR)/SDWeather.app/SDWeather";
			};
			name = Release;
		};
/* End XCBuildConfiguration section */

/* Begin XCConfigurationList section */
		4E2D4B6723B394DA005087F4 /* Build configuration list for PBXProject "SDWeather" */ = {
			isa = XCConfigurationList;
			buildConfigurations = (
				4E2D4B7E23B394DD005087F4 /* Debug */,
				4E2D4B7F23B394DD005087F4 /* Release */,
			);
			defaultConfigurationIsVisible = 0;
			defaultConfigurationName = Release;
		};
		4E2D4B8023B394DD005087F4 /* Build configuration list for PBXNativeTarget "SDWeather" */ = {
			isa = XCConfigurationList;
			buildConfigurations = (
				4E2D4B8123B394DD005087F4 /* Debug */,
				4E2D4B8223B394DD005087F4 /* Release */,
			);
			defaultConfigurationIsVisible = 0;
			defaultConfigurationName = Release;
		};
		4E2D4BCD23B455A9005087F4 /* Build configuration list for PBXNativeTarget "SDWeatherTests" */ = {
			isa = XCConfigurationList;
			buildConfigurations = (
				4E2D4BCE23B455A9005087F4 /* Debug */,
				4E2D4BCF23B455A9005087F4 /* Release */,
			);
			defaultConfigurationIsVisible = 0;
			defaultConfigurationName = Release;
		};
/* End XCConfigurationList section */
	};
	rootObject = 4E2D4B6423B394DA005087F4 /* Project object */;
}
